# This file is autogenerated, do not edit; changes may be undone by the next 'dep ensure'.


[[projects]]
  digest = "1:676e9d956cf18e062c9a3541e36472d4d713856e7d5d7f635af6e152088aa81c"
  name = "baliance.com/gooxml"
  packages = [
    ".",
    "algo",
    "color",
    "common",
    "measurement",
    "schema/soo/dml",
    "schema/soo/dml/picture",
    "schema/soo/ofc/docPropsVTypes",
    "schema/soo/ofc/extended_properties",
    "schema/soo/ofc/math",
    "schema/soo/ofc/sharedTypes",
    "schema/soo/pkg/content_types",
    "schema/soo/pkg/metadata/core_properties",
    "schema/soo/pkg/relationships",
    "schema/soo/schemaLibrary",
    "schema/soo/wml",
    "zippkg",
  ]
  pruneopts = "UT"
  revision = "31484197ea1e45d1b4ec456e688dbaa327cf295e"
  version = "v1.0.0"

[[projects]]
  digest = "1:e8ef8218a84156933711f53c2a0cb368217a02a349f883f7103359c206529f59"
  name = "github.com/baliance/gooxml"
  packages = ["document"]
  pruneopts = "UT"
  revision = "a367a88248a672e25c75a001834cbe1cad690df1"
  version = "v1.0.1"

[[projects]]
  branch = "master"
  digest = "1:36fe9527deed01d2a317617e59304eb2c4ce9f8a24115bcc5c2e37b3aee5bae4"
  name = "github.com/gin-contrib/sse"
  packages = ["."]
  pruneopts = "UT"
  revision = "22d885f9ecc78bf4ee5d72b937e4bbcdc58e8cae"

[[projects]]
  branch = "master"
  digest = "1:9b32acdd593672a2e1117018acb5b7a8a078712144d5b4fbd4f7222306ccce53"
  name = "github.com/gin-gonic/contrib"
  packages = [
    "cors",
    "gzip",
  ]
  pruneopts = "UT"
  revision = "54170a7b0b4b2f9219c79599b1b03830a5a7d68d"

[[projects]]
  digest = "1:d5083934eb25e45d17f72ffa86cae3814f4a9d6c073c4f16b64147169b245606"
  name = "github.com/gin-gonic/gin"
  packages = [
    ".",
    "binding",
    "json",
    "render",
  ]
  pruneopts = "UT"
  revision = "b869fe1415e4b9eb52f247441830d502aece2d4d"
  version = "v1.3.0"

[[projects]]
  digest = "1:6ba96a683441984156b05568b9d31dbc846d3336d21ac220fcc819a367dc1f65"
  name = "github.com/golang/protobuf"
  packages = ["proto"]
  pruneopts = "UT"
  revision = "5a0f697c9ed9d68fef0116532c6e05cfeae00e55"

[[projects]]
  digest = "1:57072e5ce133ed6023e6ff49d9f19dcfb09f0fc8da693b1a8ac2eaa038ac858f"
  name = "github.com/jinzhu/gorm"
  packages = [
    ".",
    "dialects/sqlite",
  ]
  pruneopts = "UT"
  revision = "472c70caa40267cb89fd8facb07fe6454b578626"
  version = "v1.9.2"

[[projects]]
  branch = "master"
  digest = "1:fd97437fbb6b7dce04132cf06775bd258cce305c44add58eb55ca86c6c325160"
  name = "github.com/jinzhu/inflection"
  packages = ["."]
  pruneopts = "UT"
  revision = "04140366298a54a039076d798123ffa108fff46c"

[[projects]]
  digest = "1:9a855f51d5eaf25dafc30cf0ad5844d5fb6aacec4ceb98a04ed2964562edbc0c"
  name = "github.com/json-iterator/go"
  packages = ["."]
  pruneopts = "UT"
  revision = "36b14963da70d11297d313183d7e6388c8510e1e"
  version = "1.0.0"

[[projects]]
  digest = "1:fa610f9fe6a93f4a75e64c83673dfff9bf1a34bbb21e6102021b6bc7850834a3"
  name = "github.com/mattn/go-isatty"
  packages = ["."]
  pruneopts = "UT"
  revision = "57fdcb988a5c543893cc61bce354a6e24ab70022"

[[projects]]
  digest = "1:4a49346ca45376a2bba679ca0e83bec949d780d4e927931317904bad482943ec"
  name = "github.com/mattn/go-sqlite3"
  packages = ["."]
  pruneopts = "UT"
  revision = "c7c4067b79cc51e6dfdcef5c702e74b1e0fa7c75"
  version = "v1.10.0"

[[projects]]
  digest = "1:c268acaa4a4d94a467980e5e91452eb61c460145765293dc0aed48e5e9919cc6"
  name = "github.com/ugorji/go"
  packages = ["codec"]
  pruneopts = "UT"
  revision = "c88ee250d0221a57af388746f5cf03768c21d6e2"

[[projects]]
  branch = "master"
  digest = "1:e52bdb638551e9a3d12b62c90ede03f09dc19348902cb6acd3aad8d0f45d1d5a"
  name = "golang.org/x/sys"
  packages = ["unix"]
  pruneopts = "UT"
  revision = "2a47403f2ae58167c4d75973960ccc62b28cb0d8"

[[projects]]
  digest = "1:1b4724d3c8125f6044925f02b485b74bfec9905cbf579d95aafd1a6c8f8447d3"
  name = "gopkg.in/go-playground/validator.v8"
  packages = ["."]
  pruneopts = "UT"
  revision = "5f57d2222ad794d0dffb07e664ea05e2ee07d60c"
  version = "v8.18.1"

[[projects]]
  digest = "1:cacb98d52c60c337c2ce95a7af83ba0313a93ce5e73fa9e99a96aff70776b9d3"
  name = "gopkg.in/yaml.v2"
  packages = ["."]
  pruneopts = "UT"
  revision = "a5b47d31c556af34a302ce5d659e6fea44d90de0"

[solve-meta]
  analyzer-name = "dep"
  analyzer-version = 1
  input-imports = [
    "github.com/baliance/gooxml/document",
    "github.com/gin-gonic/contrib/cors",
    "github.com/gin-gonic/contrib/gzip",
    "github.com/gin-gonic/gin",
    "github.com/jinzhu/gorm",
    "github.com/jinzhu/gorm/dialects/sqlite",
    "github.com/json-iterator/go",
  ]
  solver-name = "gps-cdcl"
  solver-version = 1
